{
  "$comment": "Pinned verifier toolchain. Every artifact is fetched over HTTPS and checked against its sha256 at run time by scripts/provision-toolchain.sh. This file is read from the trusted checkout at job.workflow_sha, so the hashes below are what the attestation vouches for; sha256 of this file is recorded as toolchain.lock.digest.sha256 in the predicate and the lean/tools entries are copied into toolchain.lean / toolchain.tools. The `tools` entries are also the build recipe consumed by scripts/build-tools.sh (workflow build-tools.yml), which publishes them under `release_tag` and prints an updated copy of this file with the real hashes.",
  "release_tag": "tools-v4.33.0-1",
  "lean": {
    "version": "v4.33.0",
    "url": "https://github.com/leanprover/lean4/releases/download/v4.33.0/lean-4.33.0-linux.tar.zst",
    "sha256": "4b3fb03c29a1e0a253fb1d11f9bae3725f19a0dc6fc09b3ea16d2c9df3349e2c"
  },
  "build_toolchains": {
    "$comment": "Compilers used by scripts/build-tools.sh (workflow build-tools.yml) for the non-Lean tools; Lean-based tools are compiled with the `lean` release above. Pinned the same way as `lean` -- official tarball + sha256 -- so the published binaries never depend on whatever compilers the runner image happens to ship. Bumping either requires rebuilding under a new `release_tag`.",
    "rust": {
      "version": "1.98.1",
      "url": "https://static.rust-lang.org/dist/rust-1.98.1-x86_64-unknown-linux-gnu.tar.xz",
      "sha256": "5326b36c53de11d148c8f8dab6553a3d1006c2cfd32123683073fad3c302605b"
    },
    "go": {
      "version": "go1.24.13",
      "url": "https://go.dev/dl/go1.24.13.linux-amd64.tar.gz",
      "sha256": "1fc94b57134d51669c72173ad5d49fd62afb0f1db9bf3f798fd98ee423f8d730"
    }
  },
  "tools": [
    {
      "$comment": "Tag v4.33.0. Emits the NDJSON export format; linked dynamically against libleanshared.so (supportInterpreter), so it must run with the toolchain's lib/lean reachable.",
      "name": "lean4export",
      "repo": "leanprover/lean4export",
      "commit": "15f6055e299ad5b89345e533cc2192f4cc00f659",
      "build": "lake",
      "target": "lean4export",
      "artifact": ".lake/build/bin/lean4export",
      "url": "https://github.com/theproofnetwork/leanvrf/releases/download/tools-v4.33.0-1/lean4export",
      "sha256": "b96fdfe07615af1a4cb699a9c18688ab05a0b05fc7533af32a600c508b689280",
      "install": "toolchain",
      "engine": false
    },
    {
      "$comment": "Tag v4.33.0; its lake-manifest pins lean4export to the same commit as above. Needs landrun and lean4export in PATH (or COMPARATOR_LANDRUN / COMPARATOR_LEAN4EXPORT) and a JSON config, not CLI flags.",
      "name": "comparator",
      "repo": "leanprover/comparator",
      "commit": "3927ad383f208ae977c340a91c48ac9b497d2097",
      "build": "lake",
      "target": "comparator",
      "artifact": ".lake/build/bin/comparator",
      "url": "https://github.com/theproofnetwork/leanvrf/releases/download/tools-v4.33.0-1/comparator",
      "sha256": "11265c5e02cbd8cc4767c69a364a1377409eb73ac24dbb9511f3f3229b5e517c",
      "install": "verifier",
      "engine": true
    },
    {
      "$comment": "Tag v0.3.2. Consumes lean4export NDJSON; configured via a JSON file (export_file_path, permitted_axioms, ...). Registered with comparator as an external kernel.",
      "name": "nanoda_bin",
      "repo": "ammkrn/nanoda_lib",
      "commit": "66cca78149555a92b7d7a919acd88d3878b83302",
      "build": "cargo",
      "artifact": "target/release/nanoda_bin",
      "url": "https://github.com/theproofnetwork/leanvrf/releases/download/tools-v4.33.0-1/nanoda_bin",
      "sha256": "cc588b12ba42498a47ba7a844644825ce30858452b2aa8170a4dd9220048b46e",
      "install": "verifier",
      "engine": true
    },
    {
      "$comment": "master HEAD (lean-toolchain says v4.33.0-rc2; built here against v4.33.0). Checks .olean environments via `lake env`, it does NOT read export files, so it cannot be a comparator external kernel.",
      "name": "lean4lean",
      "repo": "digama0/lean4lean",
      "commit": "8223d223ed98661882e95d9d6a7126df7097cd76",
      "build": "lake",
      "target": "lean4lean",
      "artifact": ".lake/build/bin/lean4lean",
      "url": "https://github.com/theproofnetwork/leanvrf/releases/download/tools-v4.33.0-1/lean4lean",
      "sha256": "992083cb1d0d9f91ed33f2287c5e4019d31256873855560c010935c827754295",
      "install": "verifier",
      "engine": true
    },
    {
      "$comment": "main HEAD, as comparator's README requires. Landlock-based sandbox that comparator uses to build Solution.lean; static Go binary.",
      "name": "landrun",
      "repo": "Zouuup/landrun",
      "commit": "811cfff51ceaf3d9843708aa6d22e9b84ccac8b4",
      "build": "go",
      "package": "./cmd/landrun",
      "url": "https://github.com/theproofnetwork/leanvrf/releases/download/tools-v4.33.0-1/landrun",
      "sha256": "cadca12ada763c7e9cf1de86225b6327356c6f0d816d3f634498015a8cb509e3",
      "install": "verifier",
      "engine": false
    }
  ]
}
